// !$*UTF8*$!
{
	archiveVersion = 1;
	classes = {
	};
	objectVersion = 56;
	objects = {

/* Begin PBXBuildFile section */
		4B50660428E35D9300928654 /* AfricaApp.swift in Sources */ = {isa = PBXBuildFile; fileRef = 4B50660328E35D9300928654 /* AfricaApp.swift */; };
		4B50660628E35D9300928654 /* ContentView.swift in Sources */ = {isa = PBXBuildFile; fileRef = 4B50660528E35D9300928654 /* ContentView.swift */; };
		4B50660828E35D9400928654 /* Assets.xcassets in Resources */ = {isa = PBXBuildFile; fileRef = 4B50660728E35D9400928654 /* Assets.xcassets */; };
		4B50660B28E35D9400928654 /* Preview Assets.xcassets in Resources */ = {isa = PBXBuildFile; fileRef = 4B50660A28E35D9400928654 /* Preview Assets.xcassets */; };
		4B50661228E35F2100928654 /* Video in Resources */ = {isa = PBXBuildFile; fileRef = 4B50661128E35F2100928654 /* Video */; };
		4B50661428E35F6400928654 /* Data in Resources */ = {isa = PBXBuildFile; fileRef = 4B50661328E35F6400928654 /* Data */; };
		4B50661828E360CD00928654 /* VideoListView.swift in Sources */ = {isa = PBXBuildFile; fileRef = 4B50661728E360CD00928654 /* VideoListView.swift */; };
		4B50661A28E360E800928654 /* MapView.swift in Sources */ = {isa = PBXBuildFile; fileRef = 4B50661928E360E800928654 /* MapView.swift */; };
		4B50661C28E360F800928654 /* GalleryView.swift in Sources */ = {isa = PBXBuildFile; fileRef = 4B50661B28E360F800928654 /* GalleryView.swift */; };
		4B50661E28E3610500928654 /* MainView.swift in Sources */ = {isa = PBXBuildFile; fileRef = 4B50661D28E3610500928654 /* MainView.swift */; };
		4B50662128E36F2600928654 /* CoverImageView.swift in Sources */ = {isa = PBXBuildFile; fileRef = 4B50662028E36F2600928654 /* CoverImageView.swift */; };
		4B50662428E3700600928654 /* CoverImageModel.swift in Sources */ = {isa = PBXBuildFile; fileRef = 4B50662328E3700600928654 /* CoverImageModel.swift */; };
		4B50662728E3708800928654 /* CodeableBundleExtension.swift in Sources */ = {isa = PBXBuildFile; fileRef = 4B50662628E3708800928654 /* CodeableBundleExtension.swift */; };
		4B50662928E3749600928654 /* AnimalListItemView.swift in Sources */ = {isa = PBXBuildFile; fileRef = 4B50662828E3749600928654 /* AnimalListItemView.swift */; };
		4B50662B28E375B800928654 /* AnimalModel.swift in Sources */ = {isa = PBXBuildFile; fileRef = 4B50662A28E375B800928654 /* AnimalModel.swift */; };
		4B50662D28E3785000928654 /* AnimalDetailView.swift in Sources */ = {isa = PBXBuildFile; fileRef = 4B50662C28E3785000928654 /* AnimalDetailView.swift */; };
		4B50662F28E37B6500928654 /* HeadingView.swift in Sources */ = {isa = PBXBuildFile; fileRef = 4B50662E28E37B6500928654 /* HeadingView.swift */; };
		4BAB615C28E498ED0071E32B /* VideoPlayerView.swift in Sources */ = {isa = PBXBuildFile; fileRef = 4BAB615B28E498ED0071E32B /* VideoPlayerView.swift */; };
		4BAB615F28E49A860071E32B /* VideoPlayerHelper.swift in Sources */ = {isa = PBXBuildFile; fileRef = 4BAB615E28E49A860071E32B /* VideoPlayerHelper.swift */; };
		4BC8DA7528E38B600073D8E2 /* InsetGalleryView.swift in Sources */ = {isa = PBXBuildFile; fileRef = 4BC8DA7428E38B600073D8E2 /* InsetGalleryView.swift */; };
		4BC8DA7728E38CB70073D8E2 /* InsetFactView.swift in Sources */ = {isa = PBXBuildFile; fileRef = 4BC8DA7628E38CB70073D8E2 /* InsetFactView.swift */; };
		4BC8DA7928E38DD60073D8E2 /* InsetMapView.swift in Sources */ = {isa = PBXBuildFile; fileRef = 4BC8DA7828E38DD60073D8E2 /* InsetMapView.swift */; };
		4BC8DA7B28E38F5E0073D8E2 /* ExternalWeblinkView.swift in Sources */ = {isa = PBXBuildFile; fileRef = 4BC8DA7A28E38F5E0073D8E2 /* ExternalWeblinkView.swift */; };
		4BC8DA7D28E391390073D8E2 /* VideoModel.swift in Sources */ = {isa = PBXBuildFile; fileRef = 4BC8DA7C28E391390073D8E2 /* VideoModel.swift */; };
		4BC8DA7F28E3916B0073D8E2 /* VideoListItemView.swift in Sources */ = {isa = PBXBuildFile; fileRef = 4BC8DA7E28E3916B0073D8E2 /* VideoListItemView.swift */; };
/* End PBXBuildFile section */

/* Begin PBXFileReference section */
		4B50660028E35D9300928654 /* Africa.app */ = {isa = PBXFileReference; explicitFileType = wrapper.application; includeInIndex = 0; path = Africa.app; sourceTree = BUILT_PRODUCTS_DIR; };
		4B50660328E35D9300928654 /* AfricaApp.swift */ = {isa = PBXFileReference; lastKnownFileType = sourcecode.swift; path = AfricaApp.swift; sourceTree = "<group>"; };
		4B50660528E35D9300928654 /* ContentView.swift */ = {isa = PBXFileReference; lastKnownFileType = sourcecode.swift; path = ContentView.swift; sourceTree = "<group>"; };
		4B50660728E35D9400928654 /* Assets.xcassets */ = {isa = PBXFileReference; lastKnownFileType = folder.assetcatalog; path = Assets.xcassets; sourceTree = "<group>"; };
		4B50660A28E35D9400928654 /* Preview Assets.xcassets */ = {isa = PBXFileReference; lastKnownFileType = folder.assetcatalog; path = "Preview Assets.xcassets"; sourceTree = "<group>"; };
		4B50661128E35F2100928654 /* Video */ = {isa = PBXFileReference; lastKnownFileType = folder; path = Video; sourceTree = "<group>"; };
		4B50661328E35F6400928654 /* Data */ = {isa = PBXFileReference; lastKnownFileType = folder; path = Data; sourceTree = "<group>"; };
		4B50661528E3601700928654 /* Info.plist */ = {isa = PBXFileReference; lastKnownFileType = text.plist; path = Info.plist; sourceTree = "<group>"; };
		4B50661728E360CD00928654 /* VideoListView.swift */ = {isa = PBXFileReference; lastKnownFileType = sourcecode.swift; path = VideoListView.swift; sourceTree = "<group>"; };
		4B50661928E360E800928654 /* MapView.swift */ = {isa = PBXFileReference; lastKnownFileType = sourcecode.swift; path = MapView.swift; sourceTree = "<group>"; };
		4B50661B28E360F800928654 /* GalleryView.swift */ = {isa = PBXFileReference; lastKnownFileType = sourcecode.swift; path = GalleryView.swift; sourceTree = "<group>"; };
		4B50661D28E3610500928654 /* MainView.swift */ = {isa = PBXFileReference; lastKnownFileType = sourcecode.swift; path = MainView.swift; sourceTree = "<group>"; };
		4B50662028E36F2600928654 /* CoverImageView.swift */ = {isa = PBXFileReference; lastKnownFileType = sourcecode.swift; path = CoverImageView.swift; sourceTree = "<group>"; };
		4B50662328E3700600928654 /* CoverImageModel.swift */ = {isa = PBXFileReference; lastKnownFileType = sourcecode.swift; path = CoverImageModel.swift; sourceTree = "<group>"; };
		4B50662628E3708800928654 /* CodeableBundleExtension.swift */ = {isa = PBXFileReference; lastKnownFileType = sourcecode.swift; path = CodeableBundleExtension.swift; sourceTree = "<group>"; };
		4B50662828E3749600928654 /* AnimalListItemView.swift */ = {isa = PBXFileReference; lastKnownFileType = sourcecode.swift; path = AnimalListItemView.swift; sourceTree = "<group>"; };
		4B50662A28E375B800928654 /* AnimalModel.swift */ = {isa = PBXFileReference; lastKnownFileType = sourcecode.swift; path = AnimalModel.swift; sourceTree = "<group>"; };
		4B50662C28E3785000928654 /* AnimalDetailView.swift */ = {isa = PBXFileReference; lastKnownFileType = sourcecode.swift; path = AnimalDetailView.swift; sourceTree = "<group>"; };
		4B50662E28E37B6500928654 /* HeadingView.swift */ = {isa = PBXFileReference; lastKnownFileType = sourcecode.swift; path = HeadingView.swift; sourceTree = "<group>"; };
		4BAB615B28E498ED0071E32B /* VideoPlayerView.swift */ = {isa = PBXFileReference; lastKnownFileType = sourcecode.swift; path = VideoPlayerView.swift; sourceTree = "<group>"; };
		4BAB615E28E49A860071E32B /* VideoPlayerHelper.swift */ = {isa = PBXFileReference; lastKnownFileType = sourcecode.swift; path = VideoPlayerHelper.swift; sourceTree = "<group>"; };
		4BC8DA7428E38B600073D8E2 /* InsetGalleryView.swift */ = {isa = PBXFileReference; lastKnownFileType = sourcecode.swift; path = InsetGalleryView.swift; sourceTree = "<group>"; };
		4BC8DA7628E38CB70073D8E2 /* InsetFactView.swift */ = {isa = PBXFileReference; lastKnownFileType = sourcecode.swift; path = InsetFactView.swift; sourceTree = "<group>"; };
		4BC8DA7828E38DD60073D8E2 /* InsetMapView.swift */ = {isa = PBXFileReference; lastKnownFileType = sourcecode.swift; path = InsetMapView.swift; sourceTree = "<group>"; };
		4BC8DA7A28E38F5E0073D8E2 /* ExternalWeblinkView.swift */ = {isa = PBXFileReference; lastKnownFileType = sourcecode.swift; path = ExternalWeblinkView.swift; sourceTree = "<group>"; };
		4BC8DA7C28E391390073D8E2 /* VideoModel.swift */ = {isa = PBXFileReference; lastKnownFileType = sourcecode.swift; path = VideoModel.swift; sourceTree = "<group>"; };
		4BC8DA7E28E3916B0073D8E2 /* VideoListItemView.swift */ = {isa = PBXFileReference; lastKnownFileType = sourcecode.swift; path = VideoListItemView.swift; sourceTree = "<group>"; };
/* End PBXFileReference section */

/* Begin PBXFrameworksBuildPhase section */
		4B5065FD28E35D9300928654 /* Frameworks */ = {
			isa = PBXFrameworksBuildPhase;
			buildActionMask = 2147483647;
			files = (
			);
			runOnlyForDeploymentPostprocessing = 0;
		};
/* End PBXFrameworksBuildPhase section */

/* Begin PBXGroup section */
		4B5065F728E35D9300928654 = {
			isa = PBXGroup;
			children = (
				4B50660228E35D9300928654 /* Africa */,
				4B50660128E35D9300928654 /* Products */,
			);
			sourceTree = "<group>";
		};
		4B50660128E35D9300928654 /* Products */ = {
			isa = PBXGroup;
			children = (
				4B50660028E35D9300928654 /* Africa.app */,
			);
			name = Products;
			sourceTree = "<group>";
		};
		4B50660228E35D9300928654 /* Africa */ = {
			isa = PBXGroup;
			children = (
				4BAB615D28E49A6A0071E32B /* Helper */,
				4B50662528E3706800928654 /* Extension */,
				4B50662228E36FF800928654 /* Model */,
				4B50661F28E36F1300928654 /* View */,
				4B50661528E3601700928654 /* Info.plist */,
				4B50661328E35F6400928654 /* Data */,
				4B50661128E35F2100928654 /* Video */,
				4B50661628E360AA00928654 /* App */,
				4B50660728E35D9400928654 /* Assets.xcassets */,
				4B50660928E35D9400928654 /* Preview Content */,
			);
			path = Africa;
			sourceTree = "<group>";
		};
		4B50660928E35D9400928654 /* Preview Content */ = {
			isa = PBXGroup;
			children = (
				4B50660A28E35D9400928654 /* Preview Assets.xcassets */,
			);
			path = "Preview Content";
			sourceTree = "<group>";
		};
		4B50661628E360AA00928654 /* App */ = {
			isa = PBXGroup;
			children = (
				4B50660328E35D9300928654 /* AfricaApp.swift */,
				4B50660528E35D9300928654 /* ContentView.swift */,
				4B50661728E360CD00928654 /* VideoListView.swift */,
				4B50661928E360E800928654 /* MapView.swift */,
				4B50661B28E360F800928654 /* GalleryView.swift */,
				4B50661D28E3610500928654 /* MainView.swift */,
			);
			path = App;
			sourceTree = "<group>";
		};
		4B50661F28E36F1300928654 /* View */ = {
			isa = PBXGroup;
			children = (
				4B50662028E36F2600928654 /* CoverImageView.swift */,
				4B50662828E3749600928654 /* AnimalListItemView.swift */,
				4B50662C28E3785000928654 /* AnimalDetailView.swift */,
				4B50662E28E37B6500928654 /* HeadingView.swift */,
				4BC8DA7428E38B600073D8E2 /* InsetGalleryView.swift */,
				4BC8DA7628E38CB70073D8E2 /* InsetFactView.swift */,
				4BC8DA7828E38DD60073D8E2 /* InsetMapView.swift */,
				4BC8DA7A28E38F5E0073D8E2 /* ExternalWeblinkView.swift */,
				4BC8DA7E28E3916B0073D8E2 /* VideoListItemView.swift */,
				4BAB615B28E498ED0071E32B /* VideoPlayerView.swift */,
			);
			path = View;
			sourceTree = "<group>";
		};
		4B50662228E36FF800928654 /* Model */ = {
			isa = PBXGroup;
			children = (
				4B50662328E3700600928654 /* CoverImageModel.swift */,
				4B50662A28E375B800928654 /* AnimalModel.swift */,
				4BC8DA7C28E391390073D8E2 /* VideoModel.swift */,
			);
			path = Model;
			sourceTree = "<group>";
		};
		4B50662528E3706800928654 /* Extension */ = {
			isa = PBXGroup;
			children = (
				4B50662628E3708800928654 /* CodeableBundleExtension.swift */,
			);
			path = Extension;
			sourceTree = "<group>";
		};
		4BAB615D28E49A6A0071E32B /* Helper */ = {
			isa = PBXGroup;
			children = (
				4BAB615E28E49A860071E32B /* VideoPlayerHelper.swift */,
			);
			path = Helper;
			sourceTree = "<group>";
		};
/* End PBXGroup section */

/* Begin PBXNativeTarget section */
		4B5065FF28E35D9300928654 /* Africa */ = {
			isa = PBXNativeTarget;
			buildConfigurationList = 4B50660E28E35D9400928654 /* Build configuration list for PBXNativeTarget "Africa" */;
			buildPhases = (
				4B5065FC28E35D9300928654 /* Sources */,
				4B5065FD28E35D9300928654 /* Frameworks */,
				4B5065FE28E35D9300928654 /* Resources */,
			);
			buildRules = (
			);
			dependencies = (
			);
			name = Africa;
			productName = Africa;
			productReference = 4B50660028E35D9300928654 /* Africa.app */;
			productType = "com.apple.product-type.application";
		};
/* End PBXNativeTarget section */

/* Begin PBXProject section */
		4B5065F828E35D9300928654 /* Project object */ = {
			isa = PBXProject;
			attributes = {
				BuildIndependentTargetsInParallel = 1;
				LastSwiftUpdateCheck = 1400;
				LastUpgradeCheck = 1400;
				TargetAttributes = {
					4B5065FF28E35D9300928654 = {
						CreatedOnToolsVersion = 14.0;
					};
				};
			};
			buildConfigurationList = 4B5065FB28E35D9300928654 /* Build configuration list for PBXProject "Africa" */;
			compatibilityVersion = "Xcode 14.0";
			developmentRegion = en;
			hasScannedForEncodings = 0;
			knownRegions = (
				en,
				Base,
			);
			mainGroup = 4B5065F728E35D9300928654;
			productRefGroup = 4B50660128E35D9300928654 /* Products */;
			projectDirPath = "";
			projectRoot = "";
			targets = (
				4B5065FF28E35D9300928654 /* Africa */,
			);
		};
/* End PBXProject section */

/* Begin PBXResourcesBuildPhase section */
		4B5065FE28E35D9300928654 /* Resources */ = {
			isa = PBXResourcesBuildPhase;
			buildActionMask = 2147483647;
			files = (
				4B50661228E35F2100928654 /* Video in Resources */,
				4B50660B28E35D9400928654 /* Preview Assets.xcassets in Resources */,
				4B50661428E35F6400928654 /* Data in Resources */,
				4B50660828E35D9400928654 /* Assets.xcassets in Resources */,
			);
			runOnlyForDeploymentPostprocessing = 0;
		};
/* End PBXResourcesBuildPhase section */

/* Begin PBXSourcesBuildPhase section */
		4B5065FC28E35D9300928654 /* Sources */ = {
			isa = PBXSourcesBuildPhase;
			buildActionMask = 2147483647;
			files = (
				4B50660628E35D9300928654 /* ContentView.swift in Sources */,
				4B50662928E3749600928654 /* AnimalListItemView.swift in Sources */,
				4B50661E28E3610500928654 /* MainView.swift in Sources */,
				4BC8DA7728E38CB70073D8E2 /* InsetFactView.swift in Sources */,
				4B50662128E36F2600928654 /* CoverImageView.swift in Sources */,
				4B50662428E3700600928654 /* CoverImageModel.swift in Sources */,
				4B50662D28E3785000928654 /* AnimalDetailView.swift in Sources */,
				4B50662B28E375B800928654 /* AnimalModel.swift in Sources */,
				4B50661A28E360E800928654 /* MapView.swift in Sources */,
				4BC8DA7928E38DD60073D8E2 /* InsetMapView.swift in Sources */,
				4BAB615F28E49A860071E32B /* VideoPlayerHelper.swift in Sources */,
				4BC8DA7B28E38F5E0073D8E2 /* ExternalWeblinkView.swift in Sources */,
				4B50660428E35D9300928654 /* AfricaApp.swift in Sources */,
				4B50661828E360CD00928654 /* VideoListView.swift in Sources */,
				4BC8DA7D28E391390073D8E2 /* VideoModel.swift in Sources */,
				4B50661C28E360F800928654 /* GalleryView.swift in Sources */,
				4BC8DA7528E38B600073D8E2 /* InsetGalleryView.swift in Sources */,
				4BC8DA7F28E3916B0073D8E2 /* VideoListItemView.swift in Sources */,
				4B50662728E3708800928654 /* CodeableBundleExtension.swift in Sources */,
				4B50662F28E37B6500928654 /* HeadingView.swift in Sources */,
				4BAB615C28E498ED0071E32B /* VideoPlayerView.swift in Sources */,
			);
			runOnlyForDeploymentPostprocessing = 0;
		};
/* End PBXSourcesBuildPhase section */

/* Begin XCBuildConfiguration section */
		4B50660C28E35D9400928654 /* Debug */ = {
			isa = XCBuildConfiguration;
			buildSettings = {
				ALWAYS_SEARCH_USER_PATHS = NO;
				CLANG_ANALYZER_NONNULL = YES;
				CLANG_ANALYZER_NUMBER_OBJECT_CONVERSION = YES_AGGRESSIVE;
				CLANG_CXX_LANGUAGE_STANDARD = "gnu++20";
				CLANG_ENABLE_MODULES = YES;
				CLANG_ENABLE_OBJC_ARC = YES;
				CLANG_ENABLE_OBJC_WEAK = YES;
				CLANG_WARN_BLOCK_CAPTURE_AUTORELEASING = YES;
				CLANG_WARN_BOOL_CONVERSION = YES;
				CLANG_WARN_COMMA = YES;
				CLANG_WARN_CONSTANT_CONVERSION = YES;
				CLANG_WARN_DEPRECATED_OBJC_IMPLEMENTATIONS = YES;
				CLANG_WARN_DIRECT_OBJC_ISA_USAGE = YES_ERROR;
				CLANG_WARN_DOCUMENTATION_COMMENTS = YES;
				CLANG_WARN_EMPTY_BODY = YES;
				CLANG_WARN_ENUM_CONVERSION = YES;
				CLANG_WARN_INFINITE_RECURSION = YES;
				CLANG_WARN_INT_CONVERSION = YES;
				CLANG_WARN_NON_LITERAL_NULL_CONVERSION = YES;
				CLANG_WARN_OBJC_IMPLICIT_RETAIN_SELF = YES;
				CLANG_WARN_OBJC_LITERAL_CONVERSION = YES;
				CLANG_WARN_OBJC_ROOT_CLASS = YES_ERROR;
				CLANG_WARN_QUOTED_INCLUDE_IN_FRAMEWORK_HEADER = YES;
				CLANG_WARN_RANGE_LOOP_ANALYSIS = YES;
				CLANG_WARN_STRICT_PROTOTYPES = YES;
				CLANG_WARN_SUSPICIOUS_MOVE = YES;
				CLANG_WARN_UNGUARDED_AVAILABILITY = YES_AGGRESSIVE;
				CLANG_WARN_UNREACHABLE_CODE = YES;
				CLANG_WARN__DUPLICATE_METHOD_MATCH = YES;
				COPY_PHASE_STRIP = NO;
				DEBUG_INFORMATION_FORMAT = dwarf;
				ENABLE_STRICT_OBJC_MSGSEND = YES;
				ENABLE_TESTABILITY = YES;
				GCC_C_LANGUAGE_STANDARD = gnu11;
				GCC_DYNAMIC_NO_PIC = NO;
				GCC_NO_COMMON_BLOCKS = YES;
				GCC_OPTIMIZATION_LEVEL = 0;
				GCC_PREPROCESSOR_DEFINITIONS = (
					"DEBUG=1",
					"$(inherited)",
				);
				GCC_WARN_64_TO_32_BIT_CONVERSION = YES;
				GCC_WARN_ABOUT_RETURN_TYPE = YES_ERROR;
				GCC_WARN_UNDECLARED_SELECTOR = YES;
				GCC_WARN_UNINITIALIZED_AUTOS = YES_AGGRESSIVE;
				GCC_WARN_UNUSED_FUNCTION = YES;
				GCC_WARN_UNUSED_VARIABLE = YES;
				IPHONEOS_DEPLOYMENT_TARGET = 16.0;
				MTL_ENABLE_DEBUG_INFO = INCLUDE_SOURCE;
				MTL_FAST_MATH = YES;
				ONLY_ACTIVE_ARCH = YES;
				SDKROOT = iphoneos;
				SWIFT_ACTIVE_COMPILATION_CONDITIONS = DEBUG;
				SWIFT_OPTIMIZATION_LEVEL = "-Onone";
			};
			name = Debug;
		};
		4B50660D28E35D9400928654 /* Release */ = {
			isa = XCBuildConfiguration;
			buildSettings = {
				ALWAYS_SEARCH_USER_PATHS = NO;
				CLANG_ANALYZER_NONNULL = YES;
				CLANG_ANALYZER_NUMBER_OBJECT_CONVERSION = YES_AGGRESSIVE;
				CLANG_CXX_LANGUAGE_STANDARD = "gnu++20";
				CLANG_ENABLE_MODULES = YES;
				CLANG_ENABLE_OBJC_ARC = YES;
				CLANG_ENABLE_OBJC_WEAK = YES;
				CLANG_WARN_BLOCK_CAPTURE_AUTORELEASING = YES;
				CLANG_WARN_BOOL_CONVERSION = YES;
				CLANG_WARN_COMMA = YES;
				CLANG_WARN_CONSTANT_CONVERSION = YES;
				CLANG_WARN_DEPRECATED_OBJC_IMPLEMENTATIONS = YES;
				CLANG_WARN_DIRECT_OBJC_ISA_USAGE = YES_ERROR;
				CLANG_WARN_DOCUMENTATION_COMMENTS = YES;
				CLANG_WARN_EMPTY_BODY = YES;
				CLANG_WARN_ENUM_CONVERSION = YES;
				CLANG_WARN_INFINITE_RECURSION = YES;
				CLANG_WARN_INT_CONVERSION = YES;
				CLANG_WARN_NON_LITERAL_NULL_CONVERSION = YES;
				CLANG_WARN_OBJC_IMPLICIT_RETAIN_SELF = YES;
				CLANG_WARN_OBJC_LITERAL_CONVERSION = YES;
				CLANG_WARN_OBJC_ROOT_CLASS = YES_ERROR;
				CLANG_WARN_QUOTED_INCLUDE_IN_FRAMEWORK_HEADER = YES;
				CLANG_WARN_RANGE_LOOP_ANALYSIS = YES;
				CLANG_WARN_STRICT_PROTOTYPES = YES;
				CLANG_WARN_SUSPICIOUS_MOVE = YES;
				CLANG_WARN_UNGUARDED_AVAILABILITY = YES_AGGRESSIVE;
				CLANG_WARN_UNREACHABLE_CODE = YES;
				CLANG_WARN__DUPLICATE_METHOD_MATCH = YES;
				COPY_PHASE_STRIP = NO;
				DEBUG_INFORMATION_FORMAT = "dwarf-with-dsym";
				ENABLE_NS_ASSERTIONS = NO;
				ENABLE_STRICT_OBJC_MSGSEND = YES;
				GCC_C_LANGUAGE_STANDARD = gnu11;
				GCC_NO_COMMON_BLOCKS = YES;
				GCC_WARN_64_TO_32_BIT_CONVERSION = YES;
				GCC_WARN_ABOUT_RETURN_TYPE = YES_ERROR;
				GCC_WARN_UNDECLARED_SELECTOR = YES;
				GCC_WARN_UNINITIALIZED_AUTOS = YES_AGGRESSIVE;
				GCC_WARN_UNUSED_FUNCTION = YES;
				GCC_WARN_UNUSED_VARIABLE = YES;
				IPHONEOS_DEPLOYMENT_TARGET = 16.0;
				MTL_ENABLE_DEBUG_INFO = NO;
				MTL_FAST_MATH = YES;
				SDKROOT = iphoneos;
				SWIFT_COMPILATION_MODE = wholemodule;
				SWIFT_OPTIMIZATION_LEVEL = "-O";
				VALIDATE_PRODUCT = YES;
			};
			name = Release;
		};
		4B50660F28E35D9400928654 /* Debug */ = {
			isa = XCBuildConfiguration;
			buildSettings = {
				ASSETCATALOG_COMPILER_APPICON_NAME = AppIcon;
				ASSETCATALOG_COMPILER_GLOBAL_ACCENT_COLOR_NAME = AccentColor;
				CODE_SIGN_STYLE = Automatic;
				CURRENT_PROJECT_VERSION = 1;
				DEVELOPMENT_ASSET_PATHS = "\"Africa/Preview Content\"";
				DEVELOPMENT_TEAM = C23DJKFSQA;
				ENABLE_PREVIEWS = YES;
				GENERATE_INFOPLIST_FILE = YES;
				INFOPLIST_FILE = Africa/Info.plist;
				INFOPLIST_KEY_UIApplicationSceneManifest_Generation = YES;
				INFOPLIST_KEY_UIApplicationSupportsIndirectInputEvents = YES;
				INFOPLIST_KEY_UISupportedInterfaceOrientations_iPad = "UIInterfaceOrientationPortrait UIInterfaceOrientationPortraitUpsideDown UIInterfaceOrientationLandscapeLeft UIInterfaceOrientationLandscapeRight";
				INFOPLIST_KEY_UISupportedInterfaceOrientations_iPhone = "UIInterfaceOrientationPortrait UIInterfaceOrientationLandscapeLeft UIInterfaceOrientationLandscapeRight";
				INFOPLIST_KEY_UIUserInterfaceStyle = Dark;
				LD_RUNPATH_SEARCH_PATHS = (
					"$(inherited)",
					"@executable_path/Frameworks",
				);
				MARKETING_VERSION = 1.0;
				PRODUCT_BUNDLE_IDENTIFIER = com.yossibz.Africa;
				PRODUCT_NAME = "$(TARGET_NAME)";
				SWIFT_EMIT_LOC_STRINGS = YES;
				SWIFT_VERSION = 5.0;
				TARGETED_DEVICE_FAMILY = "1,2";
			};
			name = Debug;
		};
		4B50661028E35D9400928654 /* Release */ = {
			isa = XCBuildConfiguration;
			buildSettings = {
				ASSETCATALOG_COMPILER_APPICON_NAME = AppIcon;
				ASSETCATALOG_COMPILER_GLOBAL_ACCENT_COLOR_NAME = AccentColor;
				CODE_SIGN_STYLE = Automatic;
				CURRENT_PROJECT_VERSION = 1;
				DEVELOPMENT_ASSET_PATHS = "\"Africa/Preview Content\"";
				DEVELOPMENT_TEAM = C23DJKFSQA;
				ENABLE_PREVIEWS = YES;
				GENERATE_INFOPLIST_FILE = YES;
				INFOPLIST_FILE = Africa/Info.plist;
				INFOPLIST_KEY_UIApplicationSceneManifest_Generation = YES;
				INFOPLIST_KEY_UIApplicationSupportsIndirectInputEvents = YES;
				INFOPLIST_KEY_UISupportedInterfaceOrientations_iPad = "UIInterfaceOrientationPortrait UIInterfaceOrientationPortraitUpsideDown UIInterfaceOrientationLandscapeLeft UIInterfaceOrientationLandscapeRight";
				INFOPLIST_KEY_UISupportedInterfaceOrientations_iPhone = "UIInterfaceOrientationPortrait UIInterfaceOrientationLandscapeLeft UIInterfaceOrientationLandscapeRight";
				INFOPLIST_KEY_UIUserInterfaceStyle = Dark;
				LD_RUNPATH_SEARCH_PATHS = (
					"$(inherited)",
					"@executable_path/Frameworks",
				);
				MARKETING_VERSION = 1.0;
				PRODUCT_BUNDLE_IDENTIFIER = com.yossibz.Africa;
				PRODUCT_NAME = "$(TARGET_NAME)";
				SWIFT_EMIT_LOC_STRINGS = YES;
				SWIFT_VERSION = 5.0;
				TARGETED_DEVICE_FAMILY = "1,2";
			};
			name = Release;
		};
/* End XCBuildConfiguration section */

/* Begin XCConfigurationList section */
		4B5065FB28E35D9300928654 /* Build configuration list for PBXProject "Africa" */ = {
			isa = XCConfigurationList;
			buildConfigurations = (
				4B50660C28E35D9400928654 /* Debug */,
				4B50660D28E35D9400928654 /* Release */,
			);
			defaultConfigurationIsVisible = 0;
			defaultConfigurationName = Release;
		};
		4B50660E28E35D9400928654 /* Build configuration list for PBXNativeTarget "Africa" */ = {
			isa = XCConfigurationList;
			buildConfigurations = (
				4B50660F28E35D9400928654 /* Debug */,
				4B50661028E35D9400928654 /* Release */,
			);
			defaultConfigurationIsVisible = 0;
			defaultConfigurationName = Release;
		};
/* End XCConfigurationList section */
	};
	rootObject = 4B5065F828E35D9300928654 /* Project object */;
}
